// !$*UTF8*$!
{
	archiveVersion = 1;
	classes = {
	};
	objectVersion = 46;
	objects = {

/* Begin PBXBuildFile section */
		2E7566601CEEC67700AC38BA /* PosterCell.swift in Sources */ = {isa = PBXBuildFile; fileRef = 2E75665F1CEEC67700AC38BA /* PosterCell.swift */; };
		2E8D28EF1CEC5EE000FDFE08 /* MovieCell.swift in Sources */ = {isa = PBXBuildFile; fileRef = 2E8D28EE1CEC5EE000FDFE08 /* MovieCell.swift */; };
		2EC63F901CED15C600C425A5 /* DetailViewController.swift in Sources */ = {isa = PBXBuildFile; fileRef = 2EC63F8F1CED15C600C425A5 /* DetailViewController.swift */; };
		2EDC94131CEAE66A00B9A159 /* AppDelegate.swift in Sources */ = {isa = PBXBuildFile; fileRef = 2EDC94121CEAE66A00B9A159 /* AppDelegate.swift */; };
		2EDC94181CEAE66A00B9A159 /* Main.storyboard in Resources */ = {isa = PBXBuildFile; fileRef = 2EDC94161CEAE66A00B9A159 /* Main.storyboard */; };
		2EDC941A1CEAE66A00B9A159 /* Assets.xcassets in Resources */ = {isa = PBXBuildFile; fileRef = 2EDC94191CEAE66A00B9A159 /* Assets.xcassets */; };
		2EDC941D1CEAE66A00B9A159 /* LaunchScreen.storyboard in Resources */ = {isa = PBXBuildFile; fileRef = 2EDC941B1CEAE66A00B9A159 /* LaunchScreen.storyboard */; };
		2EDC94251CEAE78500B9A159 /* MoviesViewController.swift in Sources */ = {isa = PBXBuildFile; fileRef = 2EDC94241CEAE78500B9A159 /* MoviesViewController.swift */; };
		4D3B2F5394072B8A11149282 /* Pods_SnoopFlicks.framework in Frameworks */ = {isa = PBXBuildFile; fileRef = FB93C26D5B5A1FEB3869C1AF /* Pods_SnoopFlicks.framework */; };
/* End PBXBuildFile section */

/* Begin PBXFileReference section */
		2E75665F1CEEC67700AC38BA /* PosterCell.swift */ = {isa = PBXFileReference; fileEncoding = 4; lastKnownFileType = sourcecode.swift; path = PosterCell.swift; sourceTree = "<group>"; };
		2E8D28EE1CEC5EE000FDFE08 /* MovieCell.swift */ = {isa = PBXFileReference; fileEncoding = 4; lastKnownFileType = sourcecode.swift; path = MovieCell.swift; sourceTree = "<group>"; };
		2EC63F8F1CED15C600C425A5 /* DetailViewController.swift */ = {isa = PBXFileReference; fileEncoding = 4; lastKnownFileType = sourcecode.swift; path = DetailViewController.swift; sourceTree = "<group>"; };
		2EDC940F1CEAE66A00B9A159 /* SnoopFlicks.app */ = {isa = PBXFileReference; explicitFileType = wrapper.application; includeInIndex = 0; path = SnoopFlicks.app; sourceTree = BUILT_PRODUCTS_DIR; };
		2EDC94121CEAE66A00B9A159 /* AppDelegate.swift */ = {isa = PBXFileReference; lastKnownFileType = sourcecode.swift; path = AppDelegate.swift; sourceTree = "<group>"; };
		2EDC94171CEAE66A00B9A159 /* Base */ = {isa = PBXFileReference; lastKnownFileType = file.storyboard; name = Base; path = Base.lproj/Main.storyboard; sourceTree = "<group>"; };
		2EDC94191CEAE66A00B9A159 /* Assets.xcassets */ = {isa = PBXFileReference; lastKnownFileType = folder.assetcatalog; path = Assets.xcassets; sourceTree = "<group>"; };
		2EDC941C1CEAE66A00B9A159 /* Base */ = {isa = PBXFileReference; lastKnownFileType = file.storyboard; name = Base; path = Base.lproj/LaunchScreen.storyboard; sourceTree = "<group>"; };
		2EDC941E1CEAE66A00B9A159 /* Info.plist */ = {isa = PBXFileReference; lastKnownFileType = text.plist.xml; path = Info.plist; sourceTree = "<group>"; };
		2EDC94241CEAE78500B9A159 /* MoviesViewController.swift */ = {isa = PBXFileReference; fileEncoding = 4; lastKnownFileType = sourcecode.swift; path = MoviesViewController.swift; sourceTree = "<group>"; };
		5397118901BD07300DAAFE5C /* Pods-SnoopFlicks.release.xcconfig */ = {isa = PBXFileReference; includeInIndex = 1; lastKnownFileType = text.xcconfig; name = "Pods-SnoopFlicks.release.xcconfig"; path = "Pods/Target Support Files/Pods-SnoopFlicks/Pods-SnoopFlicks.release.xcconfig"; sourceTree = "<group>"; };
		9ACC0B18AE708246AA8B06B4 /* Pods-SnoopFlicks.debug.xcconfig */ = {isa = PBXFileReference; includeInIndex = 1; lastKnownFileType = text.xcconfig; name = "Pods-SnoopFlicks.debug.xcconfig"; path = "Pods/Target Support Files/Pods-SnoopFlicks/Pods-SnoopFlicks.debug.xcconfig"; sourceTree = "<group>"; };
		FB93C26D5B5A1FEB3869C1AF /* Pods_SnoopFlicks.framework */ = {isa = PBXFileReference; explicitFileType = wrapper.framework; includeInIndex = 0; path = Pods_SnoopFlicks.framework; sourceTree = BUILT_PRODUCTS_DIR; };
/* End PBXFileReference section */

/* Begin PBXFrameworksBuildPhase section */
		2EDC940C1CEAE66A00B9A159 /* Frameworks */ = {
			isa = PBXFrameworksBuildPhase;
			buildActionMask = 2147483647;
			files = (
				4D3B2F5394072B8A11149282 /* Pods_SnoopFlicks.framework in Frameworks */,
			);
			runOnlyForDeploymentPostprocessing = 0;
		};
/* End PBXFrameworksBuildPhase section */

/* Begin PBXGroup section */
		2E8D28EB1CEC5E9100FDFE08 /* Views */ = {
			isa = PBXGroup;
			children = (
				2E8D28EE1CEC5EE000FDFE08 /* MovieCell.swift */,
				2E75665F1CEEC67700AC38BA /* PosterCell.swift */,
			);
			name = Views;
			sourceTree = "<group>";
		};
		2E8D28F01CEC5EEA00FDFE08 /* Controllers */ = {
			isa = PBXGroup;
			children = (
				2EDC94241CEAE78500B9A159 /* MoviesViewController.swift */,
				2EC63F8F1CED15C600C425A5 /* DetailViewController.swift */,
			);
			name = Controllers;
			sourceTree = "<group>";
		};
		2EDC94061CEAE66A00B9A159 = {
			isa = PBXGroup;
			children = (
				2EDC94111CEAE66A00B9A159 /* SnoopFlicks */,
				2EDC94101CEAE66A00B9A159 /* Products */,
				A1680937598B07D2CF35AB37 /* Pods */,
				E669A3803767F30F6EFC60DF /* Frameworks */,
			);
			sourceTree = "<group>";
		};
		2EDC94101CEAE66A00B9A159 /* Products */ = {
			isa = PBXGroup;
			children = (
				2EDC940F1CEAE66A00B9A159 /* SnoopFlicks.app */,
			);
			name = Products;
			sourceTree = "<group>";
		};
		2EDC94111CEAE66A00B9A159 /* SnoopFlicks */ = {
			isa = PBXGroup;
			children = (
				2E8D28F01CEC5EEA00FDFE08 /* Controllers */,
				2E8D28EB1CEC5E9100FDFE08 /* Views */,
				2EDC94121CEAE66A00B9A159 /* AppDelegate.swift */,
				2EDC94161CEAE66A00B9A159 /* Main.storyboard */,
				2EDC94191CEAE66A00B9A159 /* Assets.xcassets */,
				2EDC941B1CEAE66A00B9A159 /* LaunchScreen.storyboard */,
				2EDC941E1CEAE66A00B9A159 /* Info.plist */,
			);
			path = SnoopFlicks;
			sourceTree = "<group>";
		};
		A1680937598B07D2CF35AB37 /* Pods */ = {
			isa = PBXGroup;
			children = (
				9ACC0B18AE708246AA8B06B4 /* Pods-SnoopFlicks.debug.xcconfig */,
				5397118901BD07300DAAFE5C /* Pods-SnoopFlicks.release.xcconfig */,
			);
			name = Pods;
			sourceTree = "<group>";
		};
		E669A3803767F30F6EFC60DF /* Frameworks */ = {
			isa = PBXGroup;
			children = (
				FB93C26D5B5A1FEB3869C1AF /* Pods_SnoopFlicks.framework */,
			);
			name = Frameworks;
			sourceTree = "<group>";
		};
/* End PBXGroup section */

/* Begin PBXNativeTarget section */
		2EDC940E1CEAE66A00B9A159 /* SnoopFlicks */ = {
			isa = PBXNativeTarget;
			buildConfigurationList = 2EDC94211CEAE66A00B9A159 /* Build configuration list for PBXNativeTarget "SnoopFlicks" */;
			buildPhases = (
				85B45BBF176B73854A7F1B18 /* 📦 Check Pods Manifest.lock */,
				2EDC940B1CEAE66A00B9A159 /* Sources */,
				2EDC940C1CEAE66A00B9A159 /* Frameworks */,
				2EDC940D1CEAE66A00B9A159 /* Resources */,
				2567205A6AE546FB181AEFB9 /* 📦 Embed Pods Frameworks */,
				C1F8960F9F6500496182D2A3 /* 📦 Copy Pods Resources */,
			);
			buildRules = (
			);
			dependencies = (
			);
			name = SnoopFlicks;
			productName = SnoopFlicks;
			productReference = 2EDC940F1CEAE66A00B9A159 /* SnoopFlicks.app */;
			productType = "com.apple.product-type.application";
		};
/* End PBXNativeTarget section */

/* Begin PBXProject section */
		2EDC94071CEAE66A00B9A159 /* Project object */ = {
			isa = PBXProject;
			attributes = {
				LastSwiftUpdateCheck = 0730;
				LastUpgradeCheck = 0730;
				ORGANIZATIONNAME = "Philihp Busby";
				TargetAttributes = {
					2EDC940E1CEAE66A00B9A159 = {
						CreatedOnToolsVersion = 7.3.1;
						DevelopmentTeam = T2ZUL5SY47;
					};
				};
			};
			buildConfigurationList = 2EDC940A1CEAE66A00B9A159 /* Build configuration list for PBXProject "SnoopFlicks" */;
			compatibilityVersion = "Xcode 3.2";
			developmentRegion = English;
			hasScannedForEncodings = 0;
			knownRegions = (
				en,
				Base,
			);
			mainGroup = 2EDC94061CEAE66A00B9A159;
			productRefGroup = 2EDC94101CEAE66A00B9A159 /* Products */;
			projectDirPath = "";
			projectRoot = "";
			targets = (
				2EDC940E1CEAE66A00B9A159 /* SnoopFlicks */,
			);
		};
/* End PBXProject section */

/* Begin PBXResourcesBuildPhase section */
		2EDC940D1CEAE66A00B9A159 /* Resources */ = {
			isa = PBXResourcesBuildPhase;
			buildActionMask = 2147483647;
			files = (
				2EDC941D1CEAE66A00B9A159 /* LaunchScreen.storyboard in Resources */,
				2EDC941A1CEAE66A00B9A159 /* Assets.xcassets in Resources */,
				2EDC94181CEAE66A00B9A159 /* Main.storyboard in Resources */,
			);
			runOnlyForDeploymentPostprocessing = 0;
		};
/* End PBXResourcesBuildPhase section */

/* Begin PBXShellScriptBuildPhase section */
		2567205A6AE546FB181AEFB9 /* 📦 Embed Pods Frameworks */ = {
			isa = PBXShellScriptBuildPhase;
			buildActionMask = 2147483647;
			files = (
			);
			inputPaths = (
			);
			name = "📦 Embed Pods Frameworks";
			outputPaths = (
			);
			runOnlyForDeploymentPostprocessing = 0;
			shellPath = /bin/sh;
			shellScript = "\"${SRCROOT}/Pods/Target Support Files/Pods-SnoopFlicks/Pods-SnoopFlicks-frameworks.sh\"\n";
			showEnvVarsInLog = 0;
		};
		85B45BBF176B73854A7F1B18 /* 📦 Check Pods Manifest.lock */ = {
			isa = PBXShellScriptBuildPhase;
			buildActionMask = 2147483647;
			files = (
			);
			inputPaths = (
			);
			name = "📦 Check Pods Manifest.lock";
			outputPaths = (
			);
			runOnlyForDeploymentPostprocessing = 0;
			shellPath = /bin/sh;
			shellScript = "diff \"${PODS_ROOT}/../Podfile.lock\" \"${PODS_ROOT}/Manifest.lock\" > /dev/null\nif [[ $? != 0 ]] ; then\n    cat << EOM\nerror: The sandbox is not in sync with the Podfile.lock. Run 'pod install' or update your CocoaPods installation.\nEOM\n    exit 1\nfi\n";
			showEnvVarsInLog = 0;
		};
		C1F8960F9F6500496182D2A3 /* 📦 Copy Pods Resources */ = {
			isa = PBXShellScriptBuildPhase;
			buildActionMask = 2147483647;
			files = (
			);
			inputPaths = (
			);
			name = "📦 Copy Pods Resources";
			outputPaths = (
			);
			runOnlyForDeploymentPostprocessing = 0;
			shellPath = /bin/sh;
			shellScript = "\"${SRCROOT}/Pods/Target Support Files/Pods-SnoopFlicks/Pods-SnoopFlicks-resources.sh\"\n";
			showEnvVarsInLog = 0;
		};
/* End PBXShellScriptBuildPhase section */

/* Begin PBXSourcesBuildPhase section */
		2EDC940B1CEAE66A00B9A159 /* Sources */ = {
			isa = PBXSourcesBuildPhase;
			buildActionMask = 2147483647;
			files = (
				2EDC94131CEAE66A00B9A159 /* AppDelegate.swift in Sources */,
				2E7566601CEEC67700AC38BA /* PosterCell.swift in Sources */,
				2EDC94251CEAE78500B9A159 /* MoviesViewController.swift in Sources */,
				2E8D28EF1CEC5EE000FDFE08 /* MovieCell.swift in Sources */,
				2EC63F901CED15C600C425A5 /* DetailViewController.swift in Sources */,
			);
			runOnlyForDeploymentPostprocessing = 0;
		};
/* End PBXSourcesBuildPhase section */

/* Begin PBXVariantGroup section */
		2EDC94161CEAE66A00B9A159 /* Main.storyboard */ = {
			isa = PBXVariantGroup;
			children = (
				2EDC94171CEAE66A00B9A159 /* Base */,
			);
			name = Main.storyboard;
			sourceTree = "<group>";
		};
		2EDC941B1CEAE66A00B9A159 /* LaunchScreen.storyboard */ = {
			isa = PBXVariantGroup;
			children = (
				2EDC941C1CEAE66A00B9A159 /* Base */,
			);
			name = LaunchScreen.storyboard;
			sourceTree = "<group>";
		};
/* End PBXVariantGroup section */

/* Begin XCBuildConfiguration section */
		2EDC941F1CEAE66A00B9A159 /* Debug */ = {
			isa = XCBuildConfiguration;
			buildSettings = {
				ALWAYS_SEARCH_USER_PATHS = NO;
				CLANG_ANALYZER_NONNULL = YES;
				CLANG_CXX_LANGUAGE_STANDARD = "gnu++0x";
				CLANG_CXX_LIBRARY = "libc++";
				CLANG_ENABLE_MODULES = YES;
				CLANG_ENABLE_OBJC_ARC = YES;
				CLANG_WARN_BOOL_CONVERSION = YES;
				CLANG_WARN_CONSTANT_CONVERSION = YES;
				CLANG_WARN_DIRECT_OBJC_ISA_USAGE = YES_ERROR;
				CLANG_WARN_EMPTY_BODY = YES;
				CLANG_WARN_ENUM_CONVERSION = YES;
				CLANG_WARN_INT_CONVERSION = YES;
				CLANG_WARN_OBJC_ROOT_CLASS = YES_ERROR;
				CLANG_WARN_UNREACHABLE_CODE = YES;
				CLANG_WARN__DUPLICATE_METHOD_MATCH = YES;
				"CODE_SIGN_IDENTITY[sdk=iphoneos*]" = "iPhone Developer";
				COPY_PHASE_STRIP = NO;
				DEBUG_INFORMATION_FORMAT = dwarf;
				ENABLE_STRICT_OBJC_MSGSEND = YES;
				ENABLE_TESTABILITY = YES;
				GCC_C_LANGUAGE_STANDARD = gnu99;
				GCC_DYNAMIC_NO_PIC = NO;
				GCC_NO_COMMON_BLOCKS = YES;
				GCC_OPTIMIZATION_LEVEL = 0;
				GCC_PREPROCESSOR_DEFINITIONS = (
					"DEBUG=1",
					"$(inherited)",
				);
				GCC_WARN_64_TO_32_BIT_CONVERSION = YES;
				GCC_WARN_ABOUT_RETURN_TYPE = YES_ERROR;
				GCC_WARN_UNDECLARED_SELECTOR = YES;
				GCC_WARN_UNINITIALIZED_AUTOS = YES_AGGRESSIVE;
				GCC_WARN_UNUSED_FUNCTION = YES;
				GCC_WARN_UNUSED_VARIABLE = YES;
				IPHONEOS_DEPLOYMENT_TARGET = 9.3;
				MTL_ENABLE_DEBUG_INFO = YES;
				ONLY_ACTIVE_ARCH = YES;
				SDKROOT = iphoneos;
				SWIFT_OPTIMIZATION_LEVEL = "-Onone";
			};
			name = Debug;
		};
		2EDC94201CEAE66A00B9A159 /* Release */ = {
			isa = XCBuildConfiguration;
			buildSettings = {
				ALWAYS_SEARCH_USER_PATHS = NO;
				CLANG_ANALYZER_NONNULL = YES;
				CLANG_CXX_LANGUAGE_STANDARD = "gnu++0x";
				CLANG_CXX_LIBRARY = "libc++";
				CLANG_ENABLE_MODULES = YES;
				CLANG_ENABLE_OBJC_ARC = YES;
				CLANG_WARN_BOOL_CONVERSION = YES;
				CLANG_WARN_CONSTANT_CONVERSION = YES;
				CLANG_WARN_DIRECT_OBJC_ISA_USAGE = YES_ERROR;
				CLANG_WARN_EMPTY_BODY = YES;
				CLANG_WARN_ENUM_CONVERSION = YES;
				CLANG_WARN_INT_CONVERSION = YES;
				CLANG_WARN_OBJC_ROOT_CLASS = YES_ERROR;
				CLANG_WARN_UNREACHABLE_CODE = YES;
				CLANG_WARN__DUPLICATE_METHOD_MATCH = YES;
				"CODE_SIGN_IDENTITY[sdk=iphoneos*]" = "iPhone Developer";
				COPY_PHASE_STRIP = NO;
				DEBUG_INFORMATION_FORMAT = "dwarf-with-dsym";
				ENABLE_NS_ASSERTIONS = NO;
				ENABLE_STRICT_OBJC_MSGSEND = YES;
				GCC_C_LANGUAGE_STANDARD = gnu99;
				GCC_NO_COMMON_BLOCKS = YES;
				GCC_WARN_64_TO_32_BIT_CONVERSION = YES;
				GCC_WARN_ABOUT_RETURN_TYPE = YES_ERROR;
				GCC_WARN_UNDECLARED_SELECTOR = YES;
				GCC_WARN_UNINITIALIZED_AUTOS = YES_AGGRESSIVE;
				GCC_WARN_UNUSED_FUNCTION = YES;
				GCC_WARN_UNUSED_VARIABLE = YES;
				IPHONEOS_DEPLOYMENT_TARGET = 9.3;
				MTL_ENABLE_DEBUG_INFO = NO;
				SDKROOT = iphoneos;
				VALIDATE_PRODUCT = YES;
			};
			name = Release;
		};
		2EDC94221CEAE66A00B9A159 /* Debug */ = {
			isa = XCBuildConfiguration;
			baseConfigurationReference = 9ACC0B18AE708246AA8B06B4 /* Pods-SnoopFlicks.debug.xcconfig */;
			buildSettings = {
				ASSETCATALOG_COMPILER_APPICON_NAME = AppIcon;
				INFOPLIST_FILE = SnoopFlicks/Info.plist;
				LD_RUNPATH_SEARCH_PATHS = "$(inherited) @executable_path/Frameworks";
				PRODUCT_BUNDLE_IDENTIFIER = com.philihp.SnoopFlicks;
				PRODUCT_NAME = "$(TARGET_NAME)";
			};
			name = Debug;
		};
		2EDC94231CEAE66A00B9A159 /* Release */ = {
			isa = XCBuildConfiguration;
			baseConfigurationReference = 5397118901BD07300DAAFE5C /* Pods-SnoopFlicks.release.xcconfig */;
			buildSettings = {
				ASSETCATALOG_COMPILER_APPICON_NAME = AppIcon;
				INFOPLIST_FILE = SnoopFlicks/Info.plist;
				LD_RUNPATH_SEARCH_PATHS = "$(inherited) @executable_path/Frameworks";
				PRODUCT_BUNDLE_IDENTIFIER = com.philihp.SnoopFlicks;
				PRODUCT_NAME = "$(TARGET_NAME)";
			};
			name = Release;
		};
/* End XCBuildConfiguration section */

/* Begin XCConfigurationList section */
		2EDC940A1CEAE66A00B9A159 /* Build configuration list for PBXProject "SnoopFlicks" */ = {
			isa = XCConfigurationList;
			buildConfigurations = (
				2EDC941F1CEAE66A00B9A159 /* Debug */,
				2EDC94201CEAE66A00B9A159 /* Release */,
			);
			defaultConfigurationIsVisible = 0;
			defaultConfigurationName = Release;
		};
		2EDC94211CEAE66A00B9A159 /* Build configuration list for PBXNativeTarget "SnoopFlicks" */ = {
			isa = XCConfigurationList;
			buildConfigurations = (
				2EDC94221CEAE66A00B9A159 /* Debug */,
				2EDC94231CEAE66A00B9A159 /* Release */,
			);
			defaultConfigurationIsVisible = 0;
			defaultConfigurationName = Release;
		};
/* End XCConfigurationList section */
	};
	rootObject = 2EDC94071CEAE66A00B9A159 /* Project object */;
}
